
Microsoft Visual Studio Solution File, Format Version 12.00
Project("{2150E333-8FDC-42A3-9474-1A3956D46DE8}") = "src", "src", "{E2A8E25F-DB99-4E77-89BD-50E147430E74}"
EndProject
Project("{2150E333-8FDC-42A3-9474-1A3956D46DE8}") = "Api", "Api", "{102245F8-62A1-4661-9EAB-5F1F3D1FB0EB}"
EndProject
Project("{2150E333-8FDC-42A3-9474-1A3956D46DE8}") = "Application", "Application", "{AD1641DA-0A49-41F6-A686-B2C80BB4F749}"
EndProject
Project("{2150E333-8FDC-42A3-9474-1A3956D46DE8}") = "Core", "Core", "{3CA39B87-3457-47F8-9501-323E00D7CE40}"
EndProject
Project("{2150E333-8FDC-42A3-9474-1A3956D46DE8}") = "Infrastructure", "Infrastructure", "{ADB255F7-EE98-4115-BCE1-D2099D72BCB0}"
EndProject
Project("{FAE04EC0-301F-11D3-BF4B-00C04F79EFBC}") = "MessageSender.Api", "MessageSender.Api\MessageSender.Api.csproj", "{61D893A1-BC7C-4B25-A945-595BC4C1E04C}"
EndProject
Project("{FAE04EC0-301F-11D3-BF4B-00C04F79EFBC}") = "MessageSender.Application", "MessageSender.Application\MessageSender.Application.csproj", "{9F450005-6EAE-4979-AEF2-F8168EA4E24B}"
EndProject
Global
	GlobalSection(SolutionConfigurationPlatforms) = preSolution
		Debug|Any CPU = Debug|Any CPU
		Release|Any CPU = Release|Any CPU
	EndGlobalSection
	GlobalSection(ProjectConfigurationPlatforms) = postSolution
		{61D893A1-BC7C-4B25-A945-595BC4C1E04C}.Debug|Any CPU.ActiveCfg = Debug|Any CPU
		{61D893A1-BC7C-4B25-A945-595BC4C1E04C}.Debug|Any CPU.Build.0 = Debug|Any CPU
		{61D893A1-BC7C-4B25-A945-595BC4C1E04C}.Release|Any CPU.ActiveCfg = Release|Any CPU
		{61D893A1-BC7C-4B25-A945-595BC4C1E04C}.Release|Any CPU.Build.0 = Release|Any CPU
		{9F450005-6EAE-4979-AEF2-F8168EA4E24B}.Debug|Any CPU.ActiveCfg = Debug|Any CPU
		{9F450005-6EAE-4979-AEF2-F8168EA4E24B}.Debug|Any CPU.Build.0 = Debug|Any CPU
		{9F450005-6EAE-4979-AEF2-F8168EA4E24B}.Release|Any CPU.ActiveCfg = Release|Any CPU
		{9F450005-6EAE-4979-AEF2-F8168EA4E24B}.Release|Any CPU.Build.0 = Release|Any CPU
	EndGlobalSection
	GlobalSection(NestedProjects) = preSolution
		{102245F8-62A1-4661-9EAB-5F1F3D1FB0EB} = {E2A8E25F-DB99-4E77-89BD-50E147430E74}
		{AD1641DA-0A49-41F6-A686-B2C80BB4F749} = {E2A8E25F-DB99-4E77-89BD-50E147430E74}
		{3CA39B87-3457-47F8-9501-323E00D7CE40} = {E2A8E25F-DB99-4E77-89BD-50E147430E74}
		{ADB255F7-EE98-4115-BCE1-D2099D72BCB0} = {E2A8E25F-DB99-4E77-89BD-50E147430E74}
		{61D893A1-BC7C-4B25-A945-595BC4C1E04C} = {102245F8-62A1-4661-9EAB-5F1F3D1FB0EB}
		{9F450005-6EAE-4979-AEF2-F8168EA4E24B} = {AD1641DA-0A49-41F6-A686-B2C80BB4F749}
	EndGlobalSection
EndGlobal
